// !$*UTF8*$!
{
	archiveVersion = 1;
	classes = {
	};
	objectVersion = 46;
	objects = {

/* Begin PBXBuildFile section */
		211A275D1E7BC87500619498 /* HummingbirdKitSpec.swift in Sources */ = {isa = PBXBuildFile; fileRef = 211A275C1E7BC87500619498 /* HummingbirdKitSpec.swift */; };
		21416F811E825D4D00DACA43 /* FindProcess.swift in Sources */ = {isa = PBXBuildFile; fileRef = 21416F801E825D4D00DACA43 /* FindProcess.swift */; };
		OBJ_100 /* Spectre.framework in Frameworks */ = {isa = PBXBuildFile; fileRef = OBJ_48 /* Spectre.framework */; };
		OBJ_107 /* main.swift in Sources */ = {isa = PBXBuildFile; fileRef = OBJ_36 /* main.swift */; };
		OBJ_109 /* CommandLineKit.framework in Frameworks */ = {isa = PBXBuildFile; fileRef = OBJ_46 /* CommandLineKit.framework */; };
		OBJ_110 /* Rainbow.framework in Frameworks */ = {isa = PBXBuildFile; fileRef = OBJ_47 /* Rainbow.framework */; };
		OBJ_111 /* Spectre.framework in Frameworks */ = {isa = PBXBuildFile; fileRef = OBJ_48 /* Spectre.framework */; };
		OBJ_112 /* PathKit.framework in Frameworks */ = {isa = PBXBuildFile; fileRef = OBJ_49 /* PathKit.framework */; };
		OBJ_113 /* hummingbirdKit.framework in Frameworks */ = {isa = PBXBuildFile; fileRef = OBJ_51 /* hummingbirdKit.framework */; };
		OBJ_124 /* Extensions.swift in Sources */ = {isa = PBXBuildFile; fileRef = OBJ_38 /* Extensions.swift */; };
		OBJ_125 /* HummingbirdKit.swift in Sources */ = {isa = PBXBuildFile; fileRef = OBJ_39 /* HummingbirdKit.swift */; };
		OBJ_126 /* StringsSearchRule.swift in Sources */ = {isa = PBXBuildFile; fileRef = OBJ_40 /* StringsSearchRule.swift */; };
		OBJ_128 /* CommandLineKit.framework in Frameworks */ = {isa = PBXBuildFile; fileRef = OBJ_46 /* CommandLineKit.framework */; };
		OBJ_129 /* Rainbow.framework in Frameworks */ = {isa = PBXBuildFile; fileRef = OBJ_47 /* Rainbow.framework */; };
		OBJ_130 /* Spectre.framework in Frameworks */ = {isa = PBXBuildFile; fileRef = OBJ_48 /* Spectre.framework */; };
		OBJ_131 /* PathKit.framework in Frameworks */ = {isa = PBXBuildFile; fileRef = OBJ_49 /* PathKit.framework */; };
		OBJ_142 /* HummingbirdKitTests.swift in Sources */ = {isa = PBXBuildFile; fileRef = OBJ_44 /* HummingbirdKitTests.swift */; };
		OBJ_144 /* CommandLineKit.framework in Frameworks */ = {isa = PBXBuildFile; fileRef = OBJ_46 /* CommandLineKit.framework */; };
		OBJ_145 /* Rainbow.framework in Frameworks */ = {isa = PBXBuildFile; fileRef = OBJ_47 /* Rainbow.framework */; };
		OBJ_146 /* Spectre.framework in Frameworks */ = {isa = PBXBuildFile; fileRef = OBJ_48 /* Spectre.framework */; };
		OBJ_147 /* PathKit.framework in Frameworks */ = {isa = PBXBuildFile; fileRef = OBJ_49 /* PathKit.framework */; };
		OBJ_148 /* hummingbirdKit.framework in Frameworks */ = {isa = PBXBuildFile; fileRef = OBJ_51 /* hummingbirdKit.framework */; };
		OBJ_58 /* CommandLine.swift in Sources */ = {isa = PBXBuildFile; fileRef = OBJ_9 /* CommandLine.swift */; };
		OBJ_59 /* Option.swift in Sources */ = {isa = PBXBuildFile; fileRef = OBJ_10 /* Option.swift */; };
		OBJ_60 /* StringExtensions.swift in Sources */ = {isa = PBXBuildFile; fileRef = OBJ_11 /* StringExtensions.swift */; };
		OBJ_67 /* BackgroundColor.swift in Sources */ = {isa = PBXBuildFile; fileRef = OBJ_13 /* BackgroundColor.swift */; };
		OBJ_68 /* CodesParser.swift in Sources */ = {isa = PBXBuildFile; fileRef = OBJ_14 /* CodesParser.swift */; };
		OBJ_69 /* Color.swift in Sources */ = {isa = PBXBuildFile; fileRef = OBJ_15 /* Color.swift */; };
		OBJ_70 /* ControlCode.swift in Sources */ = {isa = PBXBuildFile; fileRef = OBJ_16 /* ControlCode.swift */; };
		OBJ_71 /* ModesExtractor.swift in Sources */ = {isa = PBXBuildFile; fileRef = OBJ_17 /* ModesExtractor.swift */; };
		OBJ_72 /* OutputTarget.swift in Sources */ = {isa = PBXBuildFile; fileRef = OBJ_18 /* OutputTarget.swift */; };
		OBJ_73 /* Rainbow.swift in Sources */ = {isa = PBXBuildFile; fileRef = OBJ_19 /* Rainbow.swift */; };
		OBJ_74 /* String+Rainbow.swift in Sources */ = {isa = PBXBuildFile; fileRef = OBJ_20 /* String+Rainbow.swift */; };
		OBJ_75 /* StringGenerator.swift in Sources */ = {isa = PBXBuildFile; fileRef = OBJ_21 /* StringGenerator.swift */; };
		OBJ_76 /* Style.swift in Sources */ = {isa = PBXBuildFile; fileRef = OBJ_22 /* Style.swift */; };
		OBJ_77 /* XcodeColorsSupport.swift in Sources */ = {isa = PBXBuildFile; fileRef = OBJ_23 /* XcodeColorsSupport.swift */; };
		OBJ_84 /* Case.swift in Sources */ = {isa = PBXBuildFile; fileRef = OBJ_25 /* Case.swift */; };
		OBJ_85 /* Context.swift in Sources */ = {isa = PBXBuildFile; fileRef = OBJ_26 /* Context.swift */; };
		OBJ_86 /* Expectation.swift in Sources */ = {isa = PBXBuildFile; fileRef = OBJ_27 /* Expectation.swift */; };
		OBJ_87 /* Failure.swift in Sources */ = {isa = PBXBuildFile; fileRef = OBJ_28 /* Failure.swift */; };
		OBJ_88 /* Global.swift in Sources */ = {isa = PBXBuildFile; fileRef = OBJ_29 /* Global.swift */; };
		OBJ_89 /* GlobalContext.swift in Sources */ = {isa = PBXBuildFile; fileRef = OBJ_30 /* GlobalContext.swift */; };
		OBJ_90 /* Reporter.swift in Sources */ = {isa = PBXBuildFile; fileRef = OBJ_31 /* Reporter.swift */; };
		OBJ_91 /* Reporters.swift in Sources */ = {isa = PBXBuildFile; fileRef = OBJ_32 /* Reporters.swift */; };
		OBJ_98 /* PathKit.swift in Sources */ = {isa = PBXBuildFile; fileRef = OBJ_34 /* PathKit.swift */; };

/* End PBXBuildFile section */

/* Begin PBXContainerItemProxy section */
		211A273E1E7BC02700619498 /* PBXContainerItemProxy */ = {
			isa = PBXContainerItemProxy;
			containerPortal = OBJ_1 /* Project object */;
			proxyType = 1;
			remoteGlobalIDString = OBJ_79;
			remoteInfo = Spectre;
		};
		211A273F1E7BC02700619498 /* PBXContainerItemProxy */ = {
			isa = PBXContainerItemProxy;
			containerPortal = OBJ_1 /* Project object */;
			proxyType = 1;
			remoteGlobalIDString = OBJ_53;
			remoteInfo = CommandLineKit;
		};
		211A27401E7BC02700619498 /* PBXContainerItemProxy */ = {
			isa = PBXContainerItemProxy;
			containerPortal = OBJ_1 /* Project object */;
			proxyType = 1;
			remoteGlobalIDString = OBJ_62;
			remoteInfo = Rainbow;
		};
		211A27411E7BC02700619498 /* PBXContainerItemProxy */ = {
			isa = PBXContainerItemProxy;
			containerPortal = OBJ_1 /* Project object */;
			proxyType = 1;
			remoteGlobalIDString = OBJ_79;
			remoteInfo = Spectre;
		};
		211A27421E7BC02700619498 /* PBXContainerItemProxy */ = {
			isa = PBXContainerItemProxy;
			containerPortal = OBJ_1 /* Project object */;
			proxyType = 1;
			remoteGlobalIDString = OBJ_93;
			remoteInfo = PathKit;
		};
		211A27431E7BC02700619498 /* PBXContainerItemProxy */ = {
			isa = PBXContainerItemProxy;
			containerPortal = OBJ_1 /* Project object */;
			proxyType = 1;
			remoteGlobalIDString = OBJ_119;
			remoteInfo = hummingbirdKit;
		};
		211A27441E7BC02700619498 /* PBXContainerItemProxy */ = {
			isa = PBXContainerItemProxy;
			containerPortal = OBJ_1 /* Project object */;
			proxyType = 1;
			remoteGlobalIDString = OBJ_53;
			remoteInfo = CommandLineKit;
		};
		211A27451E7BC02700619498 /* PBXContainerItemProxy */ = {
			isa = PBXContainerItemProxy;
			containerPortal = OBJ_1 /* Project object */;
			proxyType = 1;
			remoteGlobalIDString = OBJ_62;
			remoteInfo = Rainbow;
		};
		211A27461E7BC02700619498 /* PBXContainerItemProxy */ = {
			isa = PBXContainerItemProxy;
			containerPortal = OBJ_1 /* Project object */;
			proxyType = 1;
			remoteGlobalIDString = OBJ_79;
			remoteInfo = Spectre;
		};
		211A27471E7BC02700619498 /* PBXContainerItemProxy */ = {
			isa = PBXContainerItemProxy;
			containerPortal = OBJ_1 /* Project object */;
			proxyType = 1;
			remoteGlobalIDString = OBJ_93;
			remoteInfo = PathKit;
		};
		211A27481E7BC02700619498 /* PBXContainerItemProxy */ = {
			isa = PBXContainerItemProxy;
			containerPortal = OBJ_1 /* Project object */;
			proxyType = 1;
			remoteGlobalIDString = OBJ_53;
			remoteInfo = CommandLineKit;
		};
		211A27491E7BC02700619498 /* PBXContainerItemProxy */ = {
			isa = PBXContainerItemProxy;
			containerPortal = OBJ_1 /* Project object */;
			proxyType = 1;
			remoteGlobalIDString = OBJ_62;
			remoteInfo = Rainbow;
		};
		211A274A1E7BC02700619498 /* PBXContainerItemProxy */ = {
			isa = PBXContainerItemProxy;
			containerPortal = OBJ_1 /* Project object */;
			proxyType = 1;
			remoteGlobalIDString = OBJ_79;
			remoteInfo = Spectre;
		};
		211A274B1E7BC02700619498 /* PBXContainerItemProxy */ = {
			isa = PBXContainerItemProxy;
			containerPortal = OBJ_1 /* Project object */;
			proxyType = 1;
			remoteGlobalIDString = OBJ_93;
			remoteInfo = PathKit;
		};
		211A274C1E7BC02700619498 /* PBXContainerItemProxy */ = {
			isa = PBXContainerItemProxy;
			containerPortal = OBJ_1 /* Project object */;
			proxyType = 1;
			remoteGlobalIDString = OBJ_119;
			remoteInfo = hummingbirdKit;
		};
/* End PBXContainerItemProxy section */

/* Begin PBXFileReference section */
		211A27531E7BC71A00619498 /* HummingbirdKitTests.m */ = {isa = PBXFileReference; lastKnownFileType = sourcecode.c.objc; path = HummingbirdKitTests.m; sourceTree = "<group>"; };
		211A27551E7BC71A00619498 /* Info.plist */ = {isa = PBXFileReference; lastKnownFileType = text.plist.xml; path = Info.plist; sourceTree = "<group>"; };
		211A275C1E7BC87500619498 /* HummingbirdKitSpec.swift */ = {isa = PBXFileReference; fileEncoding = 4; lastKnownFileType = sourcecode.swift; path = HummingbirdKitSpec.swift; sourceTree = "<group>"; };
		21416F801E825D4D00DACA43 /* FindProcess.swift */ = {isa = PBXFileReference; fileEncoding = 4; lastKnownFileType = sourcecode.swift; path = FindProcess.swift; sourceTree = "<group>"; };
		OBJ_10 /* Option.swift */ = {isa = PBXFileReference; lastKnownFileType = sourcecode.swift; path = Option.swift; sourceTree = "<group>"; };
		OBJ_11 /* StringExtensions.swift */ = {isa = PBXFileReference; lastKnownFileType = sourcecode.swift; path = StringExtensions.swift; sourceTree = "<group>"; };
		OBJ_13 /* BackgroundColor.swift */ = {isa = PBXFileReference; lastKnownFileType = sourcecode.swift; path = BackgroundColor.swift; sourceTree = "<group>"; };
		OBJ_14 /* CodesParser.swift */ = {isa = PBXFileReference; lastKnownFileType = sourcecode.swift; path = CodesParser.swift; sourceTree = "<group>"; };
		OBJ_15 /* Color.swift */ = {isa = PBXFileReference; lastKnownFileType = sourcecode.swift; path = Color.swift; sourceTree = "<group>"; };
		OBJ_16 /* ControlCode.swift */ = {isa = PBXFileReference; lastKnownFileType = sourcecode.swift; path = ControlCode.swift; sourceTree = "<group>"; };
		OBJ_17 /* ModesExtractor.swift */ = {isa = PBXFileReference; lastKnownFileType = sourcecode.swift; path = ModesExtractor.swift; sourceTree = "<group>"; };
		OBJ_18 /* OutputTarget.swift */ = {isa = PBXFileReference; lastKnownFileType = sourcecode.swift; path = OutputTarget.swift; sourceTree = "<group>"; };
		OBJ_19 /* Rainbow.swift */ = {isa = PBXFileReference; lastKnownFileType = sourcecode.swift; path = Rainbow.swift; sourceTree = "<group>"; };
		OBJ_20 /* String+Rainbow.swift */ = {isa = PBXFileReference; lastKnownFileType = sourcecode.swift; path = "String+Rainbow.swift"; sourceTree = "<group>"; };
		OBJ_21 /* StringGenerator.swift */ = {isa = PBXFileReference; lastKnownFileType = sourcecode.swift; path = StringGenerator.swift; sourceTree = "<group>"; };
		OBJ_22 /* Style.swift */ = {isa = PBXFileReference; lastKnownFileType = sourcecode.swift; path = Style.swift; sourceTree = "<group>"; };
		OBJ_23 /* XcodeColorsSupport.swift */ = {isa = PBXFileReference; lastKnownFileType = sourcecode.swift; path = XcodeColorsSupport.swift; sourceTree = "<group>"; };
		OBJ_25 /* Case.swift */ = {isa = PBXFileReference; lastKnownFileType = sourcecode.swift; path = Case.swift; sourceTree = "<group>"; };
		OBJ_26 /* Context.swift */ = {isa = PBXFileReference; lastKnownFileType = sourcecode.swift; path = Context.swift; sourceTree = "<group>"; };
		OBJ_27 /* Expectation.swift */ = {isa = PBXFileReference; lastKnownFileType = sourcecode.swift; path = Expectation.swift; sourceTree = "<group>"; };
		OBJ_28 /* Failure.swift */ = {isa = PBXFileReference; lastKnownFileType = sourcecode.swift; path = Failure.swift; sourceTree = "<group>"; };
		OBJ_29 /* Global.swift */ = {isa = PBXFileReference; lastKnownFileType = sourcecode.swift; path = Global.swift; sourceTree = "<group>"; };
		OBJ_30 /* GlobalContext.swift */ = {isa = PBXFileReference; lastKnownFileType = sourcecode.swift; path = GlobalContext.swift; sourceTree = "<group>"; };
		OBJ_31 /* Reporter.swift */ = {isa = PBXFileReference; lastKnownFileType = sourcecode.swift; path = Reporter.swift; sourceTree = "<group>"; };
		OBJ_32 /* Reporters.swift */ = {isa = PBXFileReference; lastKnownFileType = sourcecode.swift; path = Reporters.swift; sourceTree = "<group>"; };
		OBJ_34 /* PathKit.swift */ = {isa = PBXFileReference; lastKnownFileType = sourcecode.swift; path = PathKit.swift; sourceTree = "<group>"; };
		OBJ_36 /* main.swift */ = {isa = PBXFileReference; lastKnownFileType = sourcecode.swift; path = main.swift; sourceTree = "<group>"; };
		OBJ_38 /* Extensions.swift */ = {isa = PBXFileReference; lastKnownFileType = sourcecode.swift; path = Extensions.swift; sourceTree = "<group>"; };
		OBJ_39 /* HummingbirdKit.swift */ = {isa = PBXFileReference; lastKnownFileType = sourcecode.swift; path = HummingbirdKit.swift; sourceTree = "<group>"; };
		OBJ_40 /* StringsSearchRule.swift */ = {isa = PBXFileReference; lastKnownFileType = sourcecode.swift; path = StringsSearchRule.swift; sourceTree = "<group>"; };
		OBJ_44 /* HummingbirdKitTests.swift */ = {isa = PBXFileReference; lastKnownFileType = sourcecode.swift; path = HummingbirdKitTests.swift; sourceTree = "<group>"; };
		OBJ_46 /* CommandLineKit.framework */ = {isa = PBXFileReference; explicitFileType = wrapper.framework; path = CommandLineKit.framework; sourceTree = BUILT_PRODUCTS_DIR; };
		OBJ_47 /* Rainbow.framework */ = {isa = PBXFileReference; explicitFileType = wrapper.framework; path = Rainbow.framework; sourceTree = BUILT_PRODUCTS_DIR; };
		OBJ_48 /* Spectre.framework */ = {isa = PBXFileReference; explicitFileType = wrapper.framework; path = Spectre.framework; sourceTree = BUILT_PRODUCTS_DIR; };
		OBJ_49 /* PathKit.framework */ = {isa = PBXFileReference; explicitFileType = wrapper.framework; path = PathKit.framework; sourceTree = BUILT_PRODUCTS_DIR; };
		OBJ_50 /* hummingbird */ = {isa = PBXFileReference; lastKnownFileType = text; path = hummingbird; sourceTree = BUILT_PRODUCTS_DIR; };
		OBJ_51 /* hummingbirdKit.framework */ = {isa = PBXFileReference; explicitFileType = wrapper.framework; path = hummingbirdKit.framework; sourceTree = BUILT_PRODUCTS_DIR; };
		OBJ_52 /* hummingbirdKitTests.xctest */ = {isa = PBXFileReference; lastKnownFileType = file; path = hummingbirdKitTests.xctest; sourceTree = BUILT_PRODUCTS_DIR; };
		OBJ_6 /* Package.swift */ = {isa = PBXFileReference; explicitFileType = sourcecode.swift; path = Package.swift; sourceTree = "<group>"; };
		OBJ_9 /* CommandLine.swift */ = {isa = PBXFileReference; lastKnownFileType = sourcecode.swift; path = CommandLine.swift; sourceTree = "<group>"; };
/* End PBXFileReference section */

/* Begin PBXFrameworksBuildPhase section */
		OBJ_108 /* Frameworks */ = {
			isa = PBXFrameworksBuildPhase;
			buildActionMask = 0;
			files = (
				OBJ_109 /* CommandLineKit.framework in Frameworks */,
				OBJ_110 /* Rainbow.framework in Frameworks */,
				OBJ_111 /* Spectre.framework in Frameworks */,
				OBJ_112 /* PathKit.framework in Frameworks */,
				OBJ_113 /* hummingbirdKit.framework in Frameworks */,
			);
			runOnlyForDeploymentPostprocessing = 0;
		};
		OBJ_127 /* Frameworks */ = {
			isa = PBXFrameworksBuildPhase;
			buildActionMask = 0;
			files = (
				OBJ_128 /* CommandLineKit.framework in Frameworks */,
				OBJ_129 /* Rainbow.framework in Frameworks */,
				OBJ_130 /* Spectre.framework in Frameworks */,
				OBJ_131 /* PathKit.framework in Frameworks */,
			);
			runOnlyForDeploymentPostprocessing = 0;
		};
		OBJ_143 /* Frameworks */ = {
			isa = PBXFrameworksBuildPhase;
			buildActionMask = 0;
			files = (
				OBJ_144 /* CommandLineKit.framework in Frameworks */,
				OBJ_145 /* Rainbow.framework in Frameworks */,
				OBJ_146 /* Spectre.framework in Frameworks */,
				OBJ_147 /* PathKit.framework in Frameworks */,
				OBJ_148 /* hummingbirdKit.framework in Frameworks */,
			);
			runOnlyForDeploymentPostprocessing = 0;
		};
		OBJ_61 /* Frameworks */ = {
			isa = PBXFrameworksBuildPhase;
			buildActionMask = 0;
			files = (
			);
			runOnlyForDeploymentPostprocessing = 0;
		};
		OBJ_78 /* Frameworks */ = {
			isa = PBXFrameworksBuildPhase;
			buildActionMask = 0;
			files = (
			);
			runOnlyForDeploymentPostprocessing = 0;
		};
		OBJ_92 /* Frameworks */ = {
			isa = PBXFrameworksBuildPhase;
			buildActionMask = 0;
			files = (
			);
			runOnlyForDeploymentPostprocessing = 0;
		};
		OBJ_99 /* Frameworks */ = {
			isa = PBXFrameworksBuildPhase;
			buildActionMask = 0;
			files = (
				OBJ_100 /* Spectre.framework in Frameworks */,
			);
			runOnlyForDeploymentPostprocessing = 0;
		};
/* End PBXFrameworksBuildPhase section */

/* Begin PBXGroup section */
		211A27521E7BC71A00619498 /* HummingbirdKitTests */ = {
			isa = PBXGroup;
			children = (
				211A27531E7BC71A00619498 /* HummingbirdKitTests.m */,
				211A27551E7BC71A00619498 /* Info.plist */,
			);
			path = HummingbirdKitTests;
			sourceTree = "<group>";
		};
		OBJ_12 /* Rainbow */ = {
			isa = PBXGroup;
			children = (
				OBJ_13 /* BackgroundColor.swift */,
				OBJ_14 /* CodesParser.swift */,
				OBJ_15 /* Color.swift */,
				OBJ_16 /* ControlCode.swift */,
				OBJ_17 /* ModesExtractor.swift */,
				OBJ_18 /* OutputTarget.swift */,
				OBJ_19 /* Rainbow.swift */,
				OBJ_20 /* String+Rainbow.swift */,
				OBJ_21 /* StringGenerator.swift */,
				OBJ_22 /* Style.swift */,
				OBJ_23 /* XcodeColorsSupport.swift */,
			);
			name = Rainbow;
			path = "Packages/Rainbow-2.0.1/Sources";
			sourceTree = SOURCE_ROOT;
		};
		OBJ_24 /* Spectre */ = {
			isa = PBXGroup;
			children = (
				OBJ_25 /* Case.swift */,
				OBJ_26 /* Context.swift */,
				OBJ_27 /* Expectation.swift */,
				OBJ_28 /* Failure.swift */,
				OBJ_29 /* Global.swift */,
				OBJ_30 /* GlobalContext.swift */,
				OBJ_31 /* Reporter.swift */,
				OBJ_32 /* Reporters.swift */,
			);
			name = Spectre;
			path = "Packages/Spectre-0.7.2/Sources";
			sourceTree = SOURCE_ROOT;
		};
		OBJ_33 /* PathKit */ = {
			isa = PBXGroup;
			children = (
				OBJ_34 /* PathKit.swift */,
			);
			name = PathKit;
			path = "Packages/PathKit-0.8.0/Sources";
			sourceTree = SOURCE_ROOT;
		};
		OBJ_35 /* hummingbird */ = {
			isa = PBXGroup;
			children = (
				OBJ_36 /* main.swift */,
			);
			name = hummingbird;
			path = Sources/hummingbird;
			sourceTree = SOURCE_ROOT;
		};
		OBJ_37 /* hummingbirdKit */ = {
			isa = PBXGroup;
			children = (
				OBJ_38 /* Extensions.swift */,
				OBJ_39 /* HummingbirdKit.swift */,
				OBJ_40 /* StringsSearchRule.swift */,
				21416F801E825D4D00DACA43 /* FindProcess.swift */,
			);
			name = hummingbirdKit;
			path = Sources/hummingbirdKit;
			sourceTree = SOURCE_ROOT;
		};
		OBJ_41 /* Tests */ = {
			isa = PBXGroup;
			children = (
				OBJ_42 /* hummingbirdKitTests */,
			);
			path = Tests;
			sourceTree = "<group>";
		};
		OBJ_42 /* hummingbirdKitTests */ = {
			isa = PBXGroup;
			children = (
				OBJ_44 /* HummingbirdKitTests.swift */,
				211A275C1E7BC87500619498 /* HummingbirdKitSpec.swift */,
			);
			name = hummingbirdKitTests;
			path = Tests/hummingbirdKitTests;
			sourceTree = SOURCE_ROOT;
		};
		OBJ_45 /* Products */ = {
			isa = PBXGroup;
			children = (
				OBJ_46 /* CommandLineKit.framework */,
				OBJ_47 /* Rainbow.framework */,
				OBJ_48 /* Spectre.framework */,
				OBJ_49 /* PathKit.framework */,
				OBJ_50 /* hummingbird */,
				OBJ_51 /* hummingbirdKit.framework */,
				OBJ_52 /* hummingbirdKitTests.xctest */,
			);
			name = Products;
			sourceTree = BUILT_PRODUCTS_DIR;
		};
		OBJ_5 = {
			isa = PBXGroup;
			children = (
				OBJ_6 /* Package.swift */,
				OBJ_7 /* Sources */,
				OBJ_41 /* Tests */,
				211A27521E7BC71A00619498 /* HummingbirdKitTests */,
				OBJ_45 /* Products */,
			);
			sourceTree = "<group>";
		};
		OBJ_7 /* Sources */ = {
			isa = PBXGroup;
			children = (
				OBJ_8 /* CommandLineKit */,
				OBJ_12 /* Rainbow */,
				OBJ_24 /* Spectre */,
				OBJ_33 /* PathKit */,
				OBJ_35 /* hummingbird */,
				OBJ_37 /* hummingbirdKit */,
			);
			path = Sources;
			sourceTree = "<group>";
		};
		OBJ_8 /* CommandLineKit */ = {
			isa = PBXGroup;
			children = (
				OBJ_9 /* CommandLine.swift */,
				OBJ_10 /* Option.swift */,
				OBJ_11 /* StringExtensions.swift */,
			);
			name = CommandLineKit;
			path = "Packages/CommandLine-3.0.0-pre1/CommandLineKit";
			sourceTree = SOURCE_ROOT;
		};
/* End PBXGroup section */

/* Begin PBXNativeTarget section */
		OBJ_102 /* hummingbird */ = {
			isa = PBXNativeTarget;
			buildConfigurationList = OBJ_103 /* Build configuration list for PBXNativeTarget "hummingbird" */;
			buildPhases = (
				OBJ_106 /* Sources */,
				OBJ_108 /* Frameworks */,
			);
			buildRules = (
			);
			dependencies = (
				OBJ_114 /* PBXTargetDependency */,
				OBJ_115 /* PBXTargetDependency */,
				OBJ_116 /* PBXTargetDependency */,
				OBJ_117 /* PBXTargetDependency */,
				OBJ_118 /* PBXTargetDependency */,
			);
			name = hummingbird;
			productName = hummingbird;
			productReference = OBJ_50 /* hummingbird */;
			productType = "com.apple.product-type.tool";
		};
		OBJ_119 /* hummingbirdKit */ = {
			isa = PBXNativeTarget;
			buildConfigurationList = OBJ_120 /* Build configuration list for PBXNativeTarget "hummingbirdKit" */;
			buildPhases = (
				OBJ_123 /* Sources */,
				OBJ_127 /* Frameworks */,
			);
			buildRules = (
			);
			dependencies = (
				OBJ_132 /* PBXTargetDependency */,
				OBJ_133 /* PBXTargetDependency */,
				OBJ_134 /* PBXTargetDependency */,
				OBJ_135 /* PBXTargetDependency */,
			);
			name = hummingbirdKit;
			productName = hummingbirdKit;
			productReference = OBJ_51 /* hummingbirdKit.framework */;
			productType = "com.apple.product-type.framework";
		};
		OBJ_136 /* hummingbirdKitTests */ = {
			isa = PBXNativeTarget;
			buildConfigurationList = OBJ_137 /* Build configuration list for PBXNativeTarget "hummingbirdKitTests" */;
			buildPhases = (
				OBJ_140 /* Sources */,
				OBJ_143 /* Frameworks */,
			);
			buildRules = (
			);
			dependencies = (
				OBJ_149 /* PBXTargetDependency */,
				OBJ_150 /* PBXTargetDependency */,
				OBJ_151 /* PBXTargetDependency */,
				OBJ_152 /* PBXTargetDependency */,
				OBJ_153 /* PBXTargetDependency */,
			);
			name = hummingbirdKitTests;
			productName = hummingbirdKitTests;
			productReference = OBJ_52 /* hummingbirdKitTests.xctest */;
			productType = "com.apple.product-type.bundle.unit-test";
		};
		OBJ_53 /* CommandLineKit */ = {
			isa = PBXNativeTarget;
			buildConfigurationList = OBJ_54 /* Build configuration list for PBXNativeTarget "CommandLineKit" */;
			buildPhases = (
				OBJ_57 /* Sources */,
				OBJ_61 /* Frameworks */,
			);
			buildRules = (
			);
			dependencies = (
			);
			name = CommandLineKit;
			productName = CommandLineKit;
			productReference = OBJ_46 /* CommandLineKit.framework */;
			productType = "com.apple.product-type.framework";
		};
		OBJ_62 /* Rainbow */ = {
			isa = PBXNativeTarget;
			buildConfigurationList = OBJ_63 /* Build configuration list for PBXNativeTarget "Rainbow" */;
			buildPhases = (
				OBJ_66 /* Sources */,
				OBJ_78 /* Frameworks */,
			);
			buildRules = (
			);
			dependencies = (
			);
			name = Rainbow;
			productName = Rainbow;
			productReference = OBJ_47 /* Rainbow.framework */;
			productType = "com.apple.product-type.framework";
		};
		OBJ_79 /* Spectre */ = {
			isa = PBXNativeTarget;
			buildConfigurationList = OBJ_80 /* Build configuration list for PBXNativeTarget "Spectre" */;
			buildPhases = (
				OBJ_83 /* Sources */,
				OBJ_92 /* Frameworks */,
			);
			buildRules = (
			);
			dependencies = (
			);
			name = Spectre;
			productName = Spectre;
			productReference = OBJ_48 /* Spectre.framework */;
			productType = "com.apple.product-type.framework";
		};
		OBJ_93 /* PathKit */ = {
			isa = PBXNativeTarget;
			buildConfigurationList = OBJ_94 /* Build configuration list for PBXNativeTarget "PathKit" */;
			buildPhases = (
				OBJ_97 /* Sources */,
				OBJ_99 /* Frameworks */,
			);
			buildRules = (
			);
			dependencies = (
				OBJ_101 /* PBXTargetDependency */,
			);
			name = PathKit;
			productName = PathKit;
			productReference = OBJ_49 /* PathKit.framework */;
			productType = "com.apple.product-type.framework";
		};
/* End PBXNativeTarget section */

/* Begin PBXProject section */
		OBJ_1 /* Project object */ = {
			isa = PBXProject;
			attributes = {
				LastUpgradeCheck = 9999;
			};
			buildConfigurationList = OBJ_2 /* Build configuration list for PBXProject "hummingbird" */;
			compatibilityVersion = "Xcode 3.2";
			developmentRegion = English;
			hasScannedForEncodings = 0;
			knownRegions = (
				en,
			);
			mainGroup = OBJ_5;
			productRefGroup = OBJ_45 /* Products */;
			projectDirPath = "";
			projectRoot = "";
			targets = (
				OBJ_53 /* CommandLineKit */,
				OBJ_62 /* Rainbow */,
				OBJ_79 /* Spectre */,
				OBJ_93 /* PathKit */,
				OBJ_102 /* hummingbird */,
				OBJ_119 /* hummingbirdKit */,
				OBJ_136 /* hummingbirdKitTests */,
			);
		};
/* End PBXProject section */

/* Begin PBXSourcesBuildPhase section */
		OBJ_106 /* Sources */ = {
			isa = PBXSourcesBuildPhase;
			buildActionMask = 0;
			files = (
				OBJ_107 /* main.swift in Sources */,
			);
			runOnlyForDeploymentPostprocessing = 0;
		};
		OBJ_123 /* Sources */ = {
			isa = PBXSourcesBuildPhase;
			buildActionMask = 0;
			files = (
				OBJ_124 /* Extensions.swift in Sources */,
				OBJ_125 /* HummingbirdKit.swift in Sources */,
				OBJ_126 /* StringsSearchRule.swift in Sources */,
				21416F811E825D4D00DACA43 /* FindProcess.swift in Sources */,
			);
			runOnlyForDeploymentPostprocessing = 0;
		};
		OBJ_140 /* Sources */ = {
			isa = PBXSourcesBuildPhase;
			buildActionMask = 0;
			files = (
				211A275D1E7BC87500619498 /* HummingbirdKitSpec.swift in Sources */,
				OBJ_142 /* HummingbirdKitTests.swift in Sources */,
			);
			runOnlyForDeploymentPostprocessing = 0;
		};
		OBJ_57 /* Sources */ = {
			isa = PBXSourcesBuildPhase;
			buildActionMask = 0;
			files = (
				OBJ_58 /* CommandLine.swift in Sources */,
				OBJ_59 /* Option.swift in Sources */,
				OBJ_60 /* StringExtensions.swift in Sources */,
			);
			runOnlyForDeploymentPostprocessing = 0;
		};
		OBJ_66 /* Sources */ = {
			isa = PBXSourcesBuildPhase;
			buildActionMask = 0;
			files = (
				OBJ_67 /* BackgroundColor.swift in Sources */,
				OBJ_68 /* CodesParser.swift in Sources */,
				OBJ_69 /* Color.swift in Sources */,
				OBJ_70 /* ControlCode.swift in Sources */,
				OBJ_71 /* ModesExtractor.swift in Sources */,
				OBJ_72 /* OutputTarget.swift in Sources */,
				OBJ_73 /* Rainbow.swift in Sources */,
				OBJ_74 /* String+Rainbow.swift in Sources */,
				OBJ_75 /* StringGenerator.swift in Sources */,
				OBJ_76 /* Style.swift in Sources */,
				OBJ_77 /* XcodeColorsSupport.swift in Sources */,
			);
			runOnlyForDeploymentPostprocessing = 0;
		};
		OBJ_83 /* Sources */ = {
			isa = PBXSourcesBuildPhase;
			buildActionMask = 0;
			files = (
				OBJ_84 /* Case.swift in Sources */,
				OBJ_85 /* Context.swift in Sources */,
				OBJ_86 /* Expectation.swift in Sources */,
				OBJ_87 /* Failure.swift in Sources */,
				OBJ_88 /* Global.swift in Sources */,
				OBJ_89 /* GlobalContext.swift in Sources */,
				OBJ_90 /* Reporter.swift in Sources */,
				OBJ_91 /* Reporters.swift in Sources */,
			);
			runOnlyForDeploymentPostprocessing = 0;
		};
		OBJ_97 /* Sources */ = {
			isa = PBXSourcesBuildPhase;
			buildActionMask = 0;
			files = (
				OBJ_98 /* PathKit.swift in Sources */,
			);
			runOnlyForDeploymentPostprocessing = 0;
		};
/* End PBXSourcesBuildPhase section */

/* Begin PBXTargetDependency section */
		OBJ_101 /* PBXTargetDependency */ = {
			isa = PBXTargetDependency;
			target = OBJ_79 /* Spectre */;
			targetProxy = 211A273E1E7BC02700619498 /* PBXContainerItemProxy */;
		};
		OBJ_114 /* PBXTargetDependency */ = {
			isa = PBXTargetDependency;
			target = OBJ_53 /* CommandLineKit */;
			targetProxy = 211A273F1E7BC02700619498 /* PBXContainerItemProxy */;
		};
		OBJ_115 /* PBXTargetDependency */ = {
			isa = PBXTargetDependency;
			target = OBJ_62 /* Rainbow */;
			targetProxy = 211A27401E7BC02700619498 /* PBXContainerItemProxy */;
		};
		OBJ_116 /* PBXTargetDependency */ = {
			isa = PBXTargetDependency;
			target = OBJ_79 /* Spectre */;
			targetProxy = 211A27411E7BC02700619498 /* PBXContainerItemProxy */;
		};
		OBJ_117 /* PBXTargetDependency */ = {
			isa = PBXTargetDependency;
			target = OBJ_93 /* PathKit */;
			targetProxy = 211A27421E7BC02700619498 /* PBXContainerItemProxy */;
		};
		OBJ_118 /* PBXTargetDependency */ = {
			isa = PBXTargetDependency;
			target = OBJ_119 /* hummingbirdKit */;
			targetProxy = 211A27431E7BC02700619498 /* PBXContainerItemProxy */;
		};
		OBJ_132 /* PBXTargetDependency */ = {
			isa = PBXTargetDependency;
			target = OBJ_53 /* CommandLineKit */;
			targetProxy = 211A27441E7BC02700619498 /* PBXContainerItemProxy */;
		};
		OBJ_133 /* PBXTargetDependency */ = {
			isa = PBXTargetDependency;
			target = OBJ_62 /* Rainbow */;
			targetProxy = 211A27451E7BC02700619498 /* PBXContainerItemProxy */;
		};
		OBJ_134 /* PBXTargetDependency */ = {
			isa = PBXTargetDependency;
			target = OBJ_79 /* Spectre */;
			targetProxy = 211A27461E7BC02700619498 /* PBXContainerItemProxy */;
		};
		OBJ_135 /* PBXTargetDependency */ = {
			isa = PBXTargetDependency;
			target = OBJ_93 /* PathKit */;
			targetProxy = 211A27471E7BC02700619498 /* PBXContainerItemProxy */;
		};
		OBJ_149 /* PBXTargetDependency */ = {
			isa = PBXTargetDependency;
			target = OBJ_53 /* CommandLineKit */;
			targetProxy = 211A27481E7BC02700619498 /* PBXContainerItemProxy */;
		};
		OBJ_150 /* PBXTargetDependency */ = {
			isa = PBXTargetDependency;
			target = OBJ_62 /* Rainbow */;
			targetProxy = 211A27491E7BC02700619498 /* PBXContainerItemProxy */;
		};
		OBJ_151 /* PBXTargetDependency */ = {
			isa = PBXTargetDependency;
			target = OBJ_79 /* Spectre */;
			targetProxy = 211A274A1E7BC02700619498 /* PBXContainerItemProxy */;
		};
		OBJ_152 /* PBXTargetDependency */ = {
			isa = PBXTargetDependency;
			target = OBJ_93 /* PathKit */;
			targetProxy = 211A274B1E7BC02700619498 /* PBXContainerItemProxy */;
		};
		OBJ_153 /* PBXTargetDependency */ = {
			isa = PBXTargetDependency;
			target = OBJ_119 /* hummingbirdKit */;
			targetProxy = 211A274C1E7BC02700619498 /* PBXContainerItemProxy */;
		};
/* End PBXTargetDependency section */

/* Begin XCBuildConfiguration section */
		OBJ_104 /* Debug */ = {
			isa = XCBuildConfiguration;
			buildSettings = {
				FRAMEWORK_SEARCH_PATHS = (
					"$(inherited)",
					"$(PLATFORM_DIR)/Developer/Library/Frameworks",
				);
				HEADER_SEARCH_PATHS = "$(inherited)";
				INFOPLIST_FILE = hummingbird.xcodeproj/hummingbird_Info.plist;
				LD_RUNPATH_SEARCH_PATHS = "$(TOOLCHAIN_DIR)/usr/lib/swift/macosx @executable_path";
				OTHER_LDFLAGS = "$(inherited)";
				OTHER_SWIFT_FLAGS = "$(inherited)";
				SWIFT_FORCE_DYNAMIC_LINK_STDLIB = YES;
				SWIFT_FORCE_STATIC_LINK_STDLIB = NO;
				TARGET_NAME = hummingbird;
			};
			name = Debug;
		};
		OBJ_105 /* Release */ = {
			isa = XCBuildConfiguration;
			buildSettings = {
				FRAMEWORK_SEARCH_PATHS = (
					"$(inherited)",
					"$(PLATFORM_DIR)/Developer/Library/Frameworks",
				);
				HEADER_SEARCH_PATHS = "$(inherited)";
				INFOPLIST_FILE = hummingbird.xcodeproj/hummingbird_Info.plist;
				LD_RUNPATH_SEARCH_PATHS = "$(TOOLCHAIN_DIR)/usr/lib/swift/macosx @executable_path";
				OTHER_LDFLAGS = "$(inherited)";
				OTHER_SWIFT_FLAGS = "$(inherited)";
				SWIFT_FORCE_DYNAMIC_LINK_STDLIB = YES;
				SWIFT_FORCE_STATIC_LINK_STDLIB = NO;
				TARGET_NAME = hummingbird;
			};
			name = Release;
		};
		OBJ_121 /* Debug */ = {
			isa = XCBuildConfiguration;
			buildSettings = {
				ENABLE_TESTABILITY = YES;
				FRAMEWORK_SEARCH_PATHS = (
					"$(inherited)",
					"$(PLATFORM_DIR)/Developer/Library/Frameworks",
				);
				HEADER_SEARCH_PATHS = "$(inherited)";
				INFOPLIST_FILE = hummingbird.xcodeproj/hummingbirdKit_Info.plist;
				LD_RUNPATH_SEARCH_PATHS = "$(TOOLCHAIN_DIR)/usr/lib/swift/macosx";
				OTHER_LDFLAGS = "$(inherited)";
				OTHER_SWIFT_FLAGS = "$(inherited)";
				PRODUCT_BUNDLE_IDENTIFIER = hummingbirdKit;
				PRODUCT_MODULE_NAME = "$(TARGET_NAME:c99extidentifier)";
				PRODUCT_NAME = "$(TARGET_NAME:c99extidentifier)";
				TARGET_NAME = hummingbirdKit;
			};
			name = Debug;
		};
		OBJ_122 /* Release */ = {
			isa = XCBuildConfiguration;
			buildSettings = {
				ENABLE_TESTABILITY = YES;
				FRAMEWORK_SEARCH_PATHS = (
					"$(inherited)",
					"$(PLATFORM_DIR)/Developer/Library/Frameworks",
				);
				HEADER_SEARCH_PATHS = "$(inherited)";
				INFOPLIST_FILE = hummingbird.xcodeproj/hummingbirdKit_Info.plist;
				LD_RUNPATH_SEARCH_PATHS = "$(TOOLCHAIN_DIR)/usr/lib/swift/macosx";
				OTHER_LDFLAGS = "$(inherited)";
				OTHER_SWIFT_FLAGS = "$(inherited)";
				PRODUCT_BUNDLE_IDENTIFIER = hummingbirdKit;
				PRODUCT_MODULE_NAME = "$(TARGET_NAME:c99extidentifier)";
				PRODUCT_NAME = "$(TARGET_NAME:c99extidentifier)";
				TARGET_NAME = hummingbirdKit;
			};
			name = Release;
		};
		OBJ_138 /* Debug */ = {
			isa = XCBuildConfiguration;
			buildSettings = {
				EMBEDDED_CONTENT_CONTAINS_SWIFT = YES;
				FRAMEWORK_SEARCH_PATHS = (
					"$(inherited)",
					"$(PLATFORM_DIR)/Developer/Library/Frameworks",
				);
				HEADER_SEARCH_PATHS = "$(inherited)";
				INFOPLIST_FILE = hummingbird.xcodeproj/hummingbirdKitTests_Info.plist;
				LD_RUNPATH_SEARCH_PATHS = "@loader_path/../Frameworks";
				OTHER_LDFLAGS = "$(inherited)";
				OTHER_SWIFT_FLAGS = "$(inherited)";
				TARGET_NAME = hummingbirdKitTests;
			};
			name = Debug;
		};
		OBJ_139 /* Release */ = {
			isa = XCBuildConfiguration;
			buildSettings = {
				EMBEDDED_CONTENT_CONTAINS_SWIFT = YES;
				FRAMEWORK_SEARCH_PATHS = (
					"$(inherited)",
					"$(PLATFORM_DIR)/Developer/Library/Frameworks",
				);
				HEADER_SEARCH_PATHS = "$(inherited)";
				INFOPLIST_FILE = hummingbird.xcodeproj/hummingbirdKitTests_Info.plist;
				LD_RUNPATH_SEARCH_PATHS = "@loader_path/../Frameworks";
				OTHER_LDFLAGS = "$(inherited)";
				OTHER_SWIFT_FLAGS = "$(inherited)";
				TARGET_NAME = hummingbirdKitTests;
			};
			name = Release;
		};
		OBJ_3 /* Debug */ = {
			isa = XCBuildConfiguration;
			buildSettings = {
				COMBINE_HIDPI_IMAGES = YES;
				COPY_PHASE_STRIP = NO;
				DEBUG_INFORMATION_FORMAT = dwarf;
				DYLIB_INSTALL_NAME_BASE = "@rpath";
				ENABLE_NS_ASSERTIONS = YES;
				GCC_OPTIMIZATION_LEVEL = 0;
				MACOSX_DEPLOYMENT_TARGET = 10.10;
				ONLY_ACTIVE_ARCH = YES;
				OTHER_SWIFT_FLAGS = "-DXcode";
				PRODUCT_NAME = "$(TARGET_NAME)";
				SDKROOT = macosx;
				SUPPORTED_PLATFORMS = "macosx iphoneos iphonesimulator appletvos appletvsimulator watchos watchsimulator";
				SWIFT_ACTIVE_COMPILATION_CONDITIONS = SWIFT_PACKAGE;
				SWIFT_OPTIMIZATION_LEVEL = "-Onone";
				SWIFT_VERSION = 3.0;
				USE_HEADERMAP = NO;
			};
			name = Debug;
		};
		OBJ_4 /* Release */ = {
			isa = XCBuildConfiguration;
			buildSettings = {
				COMBINE_HIDPI_IMAGES = YES;
				COPY_PHASE_STRIP = YES;
				DEBUG_INFORMATION_FORMAT = "dwarf-with-dsym";
				DYLIB_INSTALL_NAME_BASE = "@rpath";
				GCC_OPTIMIZATION_LEVEL = s;
				MACOSX_DEPLOYMENT_TARGET = 10.10;
				OTHER_SWIFT_FLAGS = "-DXcode";
				PRODUCT_NAME = "$(TARGET_NAME)";
				SDKROOT = macosx;
				SUPPORTED_PLATFORMS = "macosx iphoneos iphonesimulator appletvos appletvsimulator watchos watchsimulator";
				SWIFT_ACTIVE_COMPILATION_CONDITIONS = SWIFT_PACKAGE;
				SWIFT_OPTIMIZATION_LEVEL = "-O";
				SWIFT_VERSION = 3.0;
				USE_HEADERMAP = NO;
			};
			name = Release;
		};
		OBJ_55 /* Debug */ = {
			isa = XCBuildConfiguration;
			buildSettings = {
				ENABLE_TESTABILITY = YES;
				FRAMEWORK_SEARCH_PATHS = (
					"$(inherited)",
					"$(PLATFORM_DIR)/Developer/Library/Frameworks",
				);
				HEADER_SEARCH_PATHS = "$(inherited)";
				INFOPLIST_FILE = hummingbird.xcodeproj/CommandLineKit_Info.plist;
				LD_RUNPATH_SEARCH_PATHS = "$(TOOLCHAIN_DIR)/usr/lib/swift/macosx";
				OTHER_LDFLAGS = "$(inherited)";
				OTHER_SWIFT_FLAGS = "$(inherited)";
				PRODUCT_BUNDLE_IDENTIFIER = CommandLineKit;
				PRODUCT_MODULE_NAME = "$(TARGET_NAME:c99extidentifier)";
				PRODUCT_NAME = "$(TARGET_NAME:c99extidentifier)";
				TARGET_NAME = CommandLineKit;
			};
			name = Debug;
		};
		OBJ_56 /* Release */ = {
			isa = XCBuildConfiguration;
			buildSettings = {
				ENABLE_TESTABILITY = YES;
				FRAMEWORK_SEARCH_PATHS = (
					"$(inherited)",
					"$(PLATFORM_DIR)/Developer/Library/Frameworks",
				);
				HEADER_SEARCH_PATHS = "$(inherited)";
				INFOPLIST_FILE = hummingbird.xcodeproj/CommandLineKit_Info.plist;
				LD_RUNPATH_SEARCH_PATHS = "$(TOOLCHAIN_DIR)/usr/lib/swift/macosx";
				OTHER_LDFLAGS = "$(inherited)";
				OTHER_SWIFT_FLAGS = "$(inherited)";
				PRODUCT_BUNDLE_IDENTIFIER = CommandLineKit;
				PRODUCT_MODULE_NAME = "$(TARGET_NAME:c99extidentifier)";
				PRODUCT_NAME = "$(TARGET_NAME:c99extidentifier)";
				TARGET_NAME = CommandLineKit;
			};
			name = Release;
		};
		OBJ_64 /* Debug */ = {
			isa = XCBuildConfiguration;
			buildSettings = {
				ENABLE_TESTABILITY = YES;
				FRAMEWORK_SEARCH_PATHS = (
					"$(inherited)",
					"$(PLATFORM_DIR)/Developer/Library/Frameworks",
				);
				HEADER_SEARCH_PATHS = "$(inherited)";
				INFOPLIST_FILE = hummingbird.xcodeproj/Rainbow_Info.plist;
				LD_RUNPATH_SEARCH_PATHS = "$(TOOLCHAIN_DIR)/usr/lib/swift/macosx";
				OTHER_LDFLAGS = "$(inherited)";
				OTHER_SWIFT_FLAGS = "$(inherited)";
				PRODUCT_BUNDLE_IDENTIFIER = Rainbow;
				PRODUCT_MODULE_NAME = "$(TARGET_NAME:c99extidentifier)";
				PRODUCT_NAME = "$(TARGET_NAME:c99extidentifier)";
				TARGET_NAME = Rainbow;
			};
			name = Debug;
		};
		OBJ_65 /* Release */ = {
			isa = XCBuildConfiguration;
			buildSettings = {
				ENABLE_TESTABILITY = YES;
				FRAMEWORK_SEARCH_PATHS = (
					"$(inherited)",
					"$(PLATFORM_DIR)/Developer/Library/Frameworks",
				);
				HEADER_SEARCH_PATHS = "$(inherited)";
				INFOPLIST_FILE = hummingbird.xcodeproj/Rainbow_Info.plist;
				LD_RUNPATH_SEARCH_PATHS = "$(TOOLCHAIN_DIR)/usr/lib/swift/macosx";
				OTHER_LDFLAGS = "$(inherited)";
				OTHER_SWIFT_FLAGS = "$(inherited)";
				PRODUCT_BUNDLE_IDENTIFIER = Rainbow;
				PRODUCT_MODULE_NAME = "$(TARGET_NAME:c99extidentifier)";
				PRODUCT_NAME = "$(TARGET_NAME:c99extidentifier)";
				TARGET_NAME = Rainbow;
			};
			name = Release;
		};
		OBJ_81 /* Debug */ = {
			isa = XCBuildConfiguration;
			buildSettings = {
				ENABLE_TESTABILITY = YES;
				FRAMEWORK_SEARCH_PATHS = (
					"$(inherited)",
					"$(PLATFORM_DIR)/Developer/Library/Frameworks",
				);
				HEADER_SEARCH_PATHS = "$(inherited)";
				INFOPLIST_FILE = hummingbird.xcodeproj/Spectre_Info.plist;
				LD_RUNPATH_SEARCH_PATHS = "$(TOOLCHAIN_DIR)/usr/lib/swift/macosx";
				OTHER_LDFLAGS = "$(inherited)";
				OTHER_SWIFT_FLAGS = "$(inherited)";
				PRODUCT_BUNDLE_IDENTIFIER = Spectre;
				PRODUCT_MODULE_NAME = "$(TARGET_NAME:c99extidentifier)";
				PRODUCT_NAME = "$(TARGET_NAME:c99extidentifier)";
				TARGET_NAME = Spectre;
			};
			name = Debug;
		};
		OBJ_82 /* Release */ = {
			isa = XCBuildConfiguration;
			buildSettings = {
				ENABLE_TESTABILITY = YES;
				FRAMEWORK_SEARCH_PATHS = (
					"$(inherited)",
					"$(PLATFORM_DIR)/Developer/Library/Frameworks",
				);
				HEADER_SEARCH_PATHS = "$(inherited)";
				INFOPLIST_FILE = hummingbird.xcodeproj/Spectre_Info.plist;
				LD_RUNPATH_SEARCH_PATHS = "$(TOOLCHAIN_DIR)/usr/lib/swift/macosx";
				OTHER_LDFLAGS = "$(inherited)";
				OTHER_SWIFT_FLAGS = "$(inherited)";
				PRODUCT_BUNDLE_IDENTIFIER = Spectre;
				PRODUCT_MODULE_NAME = "$(TARGET_NAME:c99extidentifier)";
				PRODUCT_NAME = "$(TARGET_NAME:c99extidentifier)";
				TARGET_NAME = Spectre;
			};
			name = Release;
		};
		OBJ_95 /* Debug */ = {
			isa = XCBuildConfiguration;
			buildSettings = {
				ENABLE_TESTABILITY = YES;
				FRAMEWORK_SEARCH_PATHS = (
					"$(inherited)",
					"$(PLATFORM_DIR)/Developer/Library/Frameworks",
				);
				HEADER_SEARCH_PATHS = "$(inherited)";
				INFOPLIST_FILE = hummingbird.xcodeproj/PathKit_Info.plist;
				LD_RUNPATH_SEARCH_PATHS = "$(TOOLCHAIN_DIR)/usr/lib/swift/macosx";
				OTHER_LDFLAGS = "$(inherited)";
				OTHER_SWIFT_FLAGS = "$(inherited)";
				PRODUCT_BUNDLE_IDENTIFIER = PathKit;
				PRODUCT_MODULE_NAME = "$(TARGET_NAME:c99extidentifier)";
				PRODUCT_NAME = "$(TARGET_NAME:c99extidentifier)";
				TARGET_NAME = PathKit;
			};
			name = Debug;
		};
		OBJ_96 /* Release */ = {
			isa = XCBuildConfiguration;
			buildSettings = {
				ENABLE_TESTABILITY = YES;
				FRAMEWORK_SEARCH_PATHS = (
					"$(inherited)",
					"$(PLATFORM_DIR)/Developer/Library/Frameworks",
				);
				HEADER_SEARCH_PATHS = "$(inherited)";
				INFOPLIST_FILE = hummingbird.xcodeproj/PathKit_Info.plist;
				LD_RUNPATH_SEARCH_PATHS = "$(TOOLCHAIN_DIR)/usr/lib/swift/macosx";
				OTHER_LDFLAGS = "$(inherited)";
				OTHER_SWIFT_FLAGS = "$(inherited)";
				PRODUCT_BUNDLE_IDENTIFIER = PathKit;
				PRODUCT_MODULE_NAME = "$(TARGET_NAME:c99extidentifier)";
				PRODUCT_NAME = "$(TARGET_NAME:c99extidentifier)";
				TARGET_NAME = PathKit;
			};
			name = Release;
		};
/* End XCBuildConfiguration section */

/* Begin XCConfigurationList section */
		OBJ_103 /* Build configuration list for PBXNativeTarget "hummingbird" */ = {
			isa = XCConfigurationList;
			buildConfigurations = (
				OBJ_104 /* Debug */,
				OBJ_105 /* Release */,
			);
			defaultConfigurationIsVisible = 0;
			defaultConfigurationName = Debug;
		};
		OBJ_120 /* Build configuration list for PBXNativeTarget "hummingbirdKit" */ = {
			isa = XCConfigurationList;
			buildConfigurations = (
				OBJ_121 /* Debug */,
				OBJ_122 /* Release */,
			);
			defaultConfigurationIsVisible = 0;
			defaultConfigurationName = Debug;
		};
		OBJ_137 /* Build configuration list for PBXNativeTarget "hummingbirdKitTests" */ = {
			isa = XCConfigurationList;
			buildConfigurations = (
				OBJ_138 /* Debug */,
				OBJ_139 /* Release */,
			);
			defaultConfigurationIsVisible = 0;
			defaultConfigurationName = Debug;
		};
		OBJ_2 /* Build configuration list for PBXProject "hummingbird" */ = {
			isa = XCConfigurationList;
			buildConfigurations = (
				OBJ_3 /* Debug */,
				OBJ_4 /* Release */,
			);
			defaultConfigurationIsVisible = 0;
			defaultConfigurationName = Debug;
		};
		OBJ_54 /* Build configuration list for PBXNativeTarget "CommandLineKit" */ = {
			isa = XCConfigurationList;
			buildConfigurations = (
				OBJ_55 /* Debug */,
				OBJ_56 /* Release */,
			);
			defaultConfigurationIsVisible = 0;
			defaultConfigurationName = Debug;
		};
		OBJ_63 /* Build configuration list for PBXNativeTarget "Rainbow" */ = {
			isa = XCConfigurationList;
			buildConfigurations = (
				OBJ_64 /* Debug */,
				OBJ_65 /* Release */,
			);
			defaultConfigurationIsVisible = 0;
			defaultConfigurationName = Debug;
		};
		OBJ_80 /* Build configuration list for PBXNativeTarget "Spectre" */ = {
			isa = XCConfigurationList;
			buildConfigurations = (
				OBJ_81 /* Debug */,
				OBJ_82 /* Release */,
			);
			defaultConfigurationIsVisible = 0;
			defaultConfigurationName = Debug;
		};
		OBJ_94 /* Build configuration list for PBXNativeTarget "PathKit" */ = {
			isa = XCConfigurationList;
			buildConfigurations = (
				OBJ_95 /* Debug */,
				OBJ_96 /* Release */,
			);
			defaultConfigurationIsVisible = 0;
			defaultConfigurationName = Debug;
		};
/* End XCConfigurationList section */
	};
	rootObject = OBJ_1 /* Project object */;
}
